<Solution>
  <Folder Name="/game/">
    <Project Path="../game/VibeSnake.Game.csproj">
      <BuildType Project="Debug" />
    </Project>
  </Folder>
  <Folder Name="/src/">
    <Project Path="src/VibeSnake.AgentPlay/VibeSnake.AgentPlay.csproj" />
    <Project Path="src/VibeSnake.AgentViewer/VibeSnake.AgentViewer.csproj" />
    <Project Path="src/VibeSnake.Persistence/VibeSnake.Persistence.csproj" />
    <Project Path="src/VibeSnake.Rules/VibeSnake.Rules.csproj" />
  </Folder>
  <Folder Name="/tests/">
    <Project Path="tests/VibeSnake.Rules.Tests/VibeSnake.Rules.Tests.csproj" />
  </Folder>
  <Folder Name="/tools/">
    <Project Path="tools/RepositoryChecks/RepositoryChecks.csproj" />
    <Project Path="tools/VibeSnake.AgentHost/VibeSnake.AgentHost.csproj" />
    <Project Path="tools/ValidateArtifactManifest/ValidateArtifactManifest.csproj" />
    <Project Path="tools/ValidateCreatorContent/ValidateCreatorContent.csproj" />
  </Folder>
</Solution>
